
Microsoft Visual Studio Solution File, Format Version 12.00
# Visual Studio Version 17
VisualStudioVersion = 17.14.36414.22 d17.14
MinimumVisualStudioVersion = 10.0.40219.1
Project("{FAE04EC0-301F-11D3-BF4B-00C04F79EFBC}") = "Antigravity02", "Antigravity02\Antigravity02.csproj", "{676324E6-6760-4968-88D3-6F34708C5E8D}"
EndProject
Global
	GlobalSection(SolutionConfigurationPlatforms) = preSolution
		Debug|Any CPU = Debug|Any CPU
		Release|Any CPU = Release|Any CPU
	EndGlobalSection
	GlobalSection(ProjectConfigurationPlatforms) = postSolution
		{676324E6-6760-4968-88D3-6F34708C5E8D}.Debug|Any CPU.ActiveCfg = Debug|Any CPU
		{676324E6-6760-4968-88D3-6F34708C5E8D}.Debug|Any CPU.Build.0 = Debug|Any CPU
		{676324E6-6760-4968-88D3-6F34708C5E8D}.Release|Any CPU.ActiveCfg = Release|Any CPU
		{676324E6-6760-4968-88D3-6F34708C5E8D}.Release|Any CPU.Build.0 = Release|Any CPU
	EndGlobalSection
	GlobalSection(SolutionProperties) = preSolution
		HideSolutionNode = FALSE
	EndGlobalSection
	GlobalSection(ExtensibilityGlobals) = postSolution
		SolutionGuid = {C7A1473A-96FF-46D9-8CBF-9A79889F0FEF}
	EndGlobalSection
EndGlobal
